
Microsoft Visual Studio Solution File, Format Version 12.00
# Visual Studio Version 16
VisualStudioVersion = 16.0.31402.337
MinimumVisualStudioVersion = 10.0.40219.1
Project("{9A19103F-16F7-4668-BE54-9A1E7A4F7556}") = "xSystem", "src\x\xSystem\xSystem.csproj", "{CF6D1DA8-6D92-461D-97EA-AA5A4272412E}"
EndProject
Project("{9A19103F-16F7-4668-BE54-9A1E7A4F7556}") = "xXUnit", "src\x\xXUnit\xXUnit.csproj", "{E9240DE8-50B2-44F5-8B04-0A435351EB37}"
EndProject
Project("{9A19103F-16F7-4668-BE54-9A1E7A4F7556}") = "xWUApiLib", "src\x\xWUApiLib\xWUApiLib.csproj", "{C0F4BF0C-464D-41CE-9EDC-1AE5382852F6}"
EndProject
Project("{9A19103F-16F7-4668-BE54-9A1E7A4F7556}") = "xWangkanai.Detection", "src\x\xWangkanai.Detection\xWangkanai.Detection.csproj", "{32E3233E-A9E7-4257-837C-513AF29AEAE9}"
EndProject
Project("{FAE04EC0-301F-11D3-BF4B-00C04F79EFBC}") = "WakaTime", "src\x\xWakaTime\Notepad++\v4.0.2\WakaTime.csproj", "{E56F6E12-089C-40ED-BCFD-923E5FA121A1}"
EndProject
Project("{9A19103F-16F7-4668-BE54-9A1E7A4F7556}") = "xWakaTime", "src\x\xWakaTime\xWakaTime.csproj", "{3C10280B-3191-4170-AE10-66F6168401A6}"
EndProject
Project("{9A19103F-16F7-4668-BE54-9A1E7A4F7556}") = "xUserAgentParser", "src\x\xUserAgentParser\xUserAgentParser.csproj", "{562DBE49-6CA6-4D55-81E2-EE0CEED67411}"
EndProject
Project("{9A19103F-16F7-4668-BE54-9A1E7A4F7556}") = "xUnitsNet", "src\x\xUnitsNet\xUnitsNet.csproj", "{B6724314-5D2E-4449-ABAB-4A2820BF267A}"
EndProject
Project("{9A19103F-16F7-4668-BE54-9A1E7A4F7556}") = "xUAParser", "src\x\xUAParser\xUAParser.csproj", "{690B0F0D-EDDD-44CA-A4A2-2E0DBED2881D}"
EndProject
Project("{9A19103F-16F7-4668-BE54-9A1E7A4F7556}") = "xTypeMerger", "src\x\xTypeMerger\xTypeMerger.csproj", "{26B745C5-983E-4DF5-9F31-DB0230B482AB}"
EndProject
Project("{9A19103F-16F7-4668-BE54-9A1E7A4F7556}") = "xSystem.Windows", "src\x\xSystem\.Windows\xSystem.Windows.csproj", "{8B25B67A-743F-4F82-BCFD-7D70A70D4A2B}"
EndProject
Project("{9A19103F-16F7-4668-BE54-9A1E7A4F7556}") = "xSystem.Management", "src\x\xSystem\.Management\xSystem.Management.csproj", "{71CE7BE9-333E-4A74-8213-F21C5B2219D4}"
EndProject
Project("{9A19103F-16F7-4668-BE54-9A1E7A4F7556}") = "xSystem.Linq.Dynamic.Core", "src\x\xSystem\.Linq\.Dynamic\.Core\xSystem.Linq.Dynamic.Core.csproj", "{76F49064-7FE0-46BE-8252-1F464B90860F}"
EndProject
Project("{9A19103F-16F7-4668-BE54-9A1E7A4F7556}") = "xSystem.Interactive.Async", "src\x\xSystem\.Interactive\.Async\xSystem.Interactive.Async.csproj", "{BC0250C7-7E54-4EB3-93CA-CBDFEDEE75F8}"
EndProject
Project("{9A19103F-16F7-4668-BE54-9A1E7A4F7556}") = "xSystem.DirectoryServices.AccountManagement", "src\x\xSystem\.DirectoryServices\.AccountManagement\xSystem.DirectoryServices.AccountManagement.csproj", "{B2ABC524-C0AD-4CB4-B980-90E225C22CA2}"
EndProject
Project("{9A19103F-16F7-4668-BE54-9A1E7A4F7556}") = "xSystem.Data.OleDb", "src\x\xSystem\.Data\.OleDb\xSystem.Data.OleDb.csproj", "{0D7F2A53-3D9A-4D10-AFF6-C29B5642B28E}"
EndProject
Project("{9A19103F-16F7-4668-BE54-9A1E7A4F7556}") = "xSystem.Data.Odbc", "src\x\xSystem\.Data\.Odbc\xSystem.Data.Odbc.csproj", "{23C56DE7-D250-4D1A-8425-EEC901B5379A}"
EndProject
Project("{9A19103F-16F7-4668-BE54-9A1E7A4F7556}") = "xSystem.Data.Linq", "src\x\xSystem\.Data\.Linq\xSystem.Data.Linq.csproj", "{0166937C-D5D7-4074-963D-AFB890C30B5A}"
EndProject
Project("{9A19103F-16F7-4668-BE54-9A1E7A4F7556}") = "xSystem.Configuration.ConfigurationManager", "src\x\xSystem\.Configuration\.ConfigurationManager\xSystem.Configuration.ConfigurationManager.csproj", "{FAE9B2F2-AE24-4CC7-A604-5F6F92A0B5FC}"
EndProject
Project("{9A19103F-16F7-4668-BE54-9A1E7A4F7556}") = "xSystem.ComponentModel.Annotations", "src\x\xSystem\.ComponentModel\.Annotations\xSystem.ComponentModel.Annotations.csproj", "{CB340AEC-539D-43EB-8FEB-18F660A013D7}"
EndProject
Project("{9A19103F-16F7-4668-BE54-9A1E7A4F7556}") = "xSqlKata", "src\x\xSqlKata\xSqlKata.csproj", "{389787A2-8F76-4376-BB4A-A55B7663115F}"
EndProject
Project("{9A19103F-16F7-4668-BE54-9A1E7A4F7556}") = "xSerenity", "src\x\xSerenity\xSerenity.csproj", "{3102EF15-EB06-467B-A850-C5AFB6231A75}"
EndProject
Project("{9A19103F-16F7-4668-BE54-9A1E7A4F7556}") = "xRepoDb", "src\x\xRepoDb\xRepoDb.csproj", "{6E6911B7-7B03-4FAF-998F-E3086A4EDCFC}"
EndProject
Project("{9A19103F-16F7-4668-BE54-9A1E7A4F7556}") = "xRemotion.Linq", "src\x\xRemotion.Linq\xRemotion.Linq.csproj", "{3EAA8318-AC1A-4C42-BBA7-9AF6F081DED1}"
EndProject
Project("{9A19103F-16F7-4668-BE54-9A1E7A4F7556}") = "xOffergeld.Db2Orm", "src\x\xOffergeld\.Db2Orm\xOffergeld.Db2Orm.csproj", "{E130D27E-1C04-425B-BCB0-9A22E9A84A74}"
EndProject
Project("{9A19103F-16F7-4668-BE54-9A1E7A4F7556}") = "xNonFactors.AspNetCore.Template", "src\x\xNonFactors\.AspNetCore.Template\xNonFactors.AspNetCore.Template\xNonFactors.AspNetCore.Template.csproj", "{FDFAFF7C-D05B-4328-820B-A60C658B6BC3}"
EndProject
Project("{9A19103F-16F7-4668-BE54-9A1E7A4F7556}") = "xNewtonsoft", "src\x\xNewtonsoft\xNewtonsoft.csproj", "{61E1035F-E7D8-4062-8916-0CF45FA460AB}"
EndProject
Project("{9A19103F-16F7-4668-BE54-9A1E7A4F7556}") = "xNetOfficeFw.Word", "src\x\xNetOfficeFw\.Word\xNetOfficeFw.Word.csproj", "{ACD6E916-8D24-4D56-91A6-F5065CB8CE13}"
EndProject
Project("{9A19103F-16F7-4668-BE54-9A1E7A4F7556}") = "xNetOfficeFw.Outlook", "src\x\xNetOfficeFw\.Outlook\xNetOfficeFw.Outlook.csproj", "{7E39F691-2FF9-4D40-8FA5-1CC358DD9B20}"
EndProject
Project("{9A19103F-16F7-4668-BE54-9A1E7A4F7556}") = "xNetOfficeFw.Excel", "src\x\xNetOfficeFw\.Excel\xNetOfficeFw.Excel.csproj", "{222D865B-6E6C-45BD-81D2-F2CFD672B728}"
EndProject
Project("{9A19103F-16F7-4668-BE54-9A1E7A4F7556}") = "xNetOfficeFw.Access", "src\x\xNetOfficeFw\.Access\xNetOfficeFw.Access.csproj", "{08BEA874-0644-498F-B453-3F6365F365D6}"
EndProject
Project("{9A19103F-16F7-4668-BE54-9A1E7A4F7556}") = "xNetOfficeFw", "src\x\xNetOfficeFw\xNetOfficeFw.csproj", "{99FE682B-90E8-4E72-B858-926A87B67EC1}"
EndProject
Project("{9A19103F-16F7-4668-BE54-9A1E7A4F7556}") = "xMongoDB", "src\x\xMongoDB\xMongoDB.csproj", "{C24B7B92-AE19-4490-BBF7-5D5763CC57BE}"
EndProject
Project("{9A19103F-16F7-4668-BE54-9A1E7A4F7556}") = "xMiniProfiler.Shared", "src\x\xMiniProfiler\.Shared\xMiniProfiler.Shared.csproj", "{57893A45-C699-418E-9A2E-9B593B017581}"
EndProject
Project("{9A19103F-16F7-4668-BE54-9A1E7A4F7556}") = "xMiniProfiler.EntityFramework", "src\x\xMiniProfiler\.EntityFramework\xMiniProfiler.EntityFramework.csproj", "{711F8754-74C2-4F4A-9337-BF3BB1168820}"
EndProject
Project("{9A19103F-16F7-4668-BE54-9A1E7A4F7556}") = "xMiniProfiler.AspNetCore.Mvc", "src\x\xMiniProfiler\.AspnetCore\.Mvc\xMiniProfiler.AspNetCore.Mvc.csproj", "{2CAD223C-3773-41CF-9325-308F0F1155FA}"
EndProject
Project("{9A19103F-16F7-4668-BE54-9A1E7A4F7556}") = "xMiniProfiler.AspNetCore", "src\x\xMiniProfiler\.AspnetCore\xMiniProfiler.AspNetCore.csproj", "{91D31EB8-1AAC-48B0-B1DE-20F0CE70BB83}"
EndProject
Project("{9A19103F-16F7-4668-BE54-9A1E7A4F7556}") = "xMiniProfiler", "src\x\xMiniProfiler\xMiniProfiler.csproj", "{6C0E2709-E7AF-45C6-AD9B-964D41E608D1}"
EndProject
Project("{9A19103F-16F7-4668-BE54-9A1E7A4F7556}") = "xMicrosoft.WindowsAPICodePack", "src\x\xMicrosoft\.WindowsAPICodePack\xMicrosoft.WindowsAPICodePack.csproj", "{04EB2C1B-9D68-4395-8A24-FF6FC930CD55}"
EndProject
Project("{9A19103F-16F7-4668-BE54-9A1E7A4F7556}") = "xMicrosoft.Extensions", "src\x\xMicrosoft\.Extensions\xMicrosoft.Extensions.csproj", "{571382A5-C0AC-4BE7-9555-DB1D0F2C793F}"
EndProject
Project("{9A19103F-16F7-4668-BE54-9A1E7A4F7556}") = "xMicrosoft.EntityFrameworkCore.OracleProvider", "src\x\xMicrosoft\.EntityFrameworkCore\.OracleProvider\xMicrosoft.EntityFrameworkCore.OracleProvider.csproj", "{FE9C34CE-43B1-4470-828C-0A7DB76A9DF5}"
EndProject
Project("{9A19103F-16F7-4668-BE54-9A1E7A4F7556}") = "xMicrosoft.EntityFrameworkCore", "src\x\xMicrosoft\.EntityFrameworkCore\xMicrosoft.EntityFrameworkCore.csproj", "{AB0A74FE-5006-4DB8-8EF8-189D080CFEFB}"
EndProject
Project("{9A19103F-16F7-4668-BE54-9A1E7A4F7556}") = "xMicrosoft.Data.SqlClient", "src\x\xMicrosoft\.Data\.SqlClient\xMicrosoft.Data.SqlClient.csproj", "{FF353AEF-FF76-4481-AC23-DD14E3BD95CA}"
EndProject
Project("{9A19103F-16F7-4668-BE54-9A1E7A4F7556}") = "xMicrosoft.AspNetCore.Identity.EntityFrameworkCore", "src\x\xMicrosoft\.AspNetCore\.Identity\.EntityFrameworkCore\xMicrosoft.AspNetCore.Identity.EntityFrameworkCore.csproj", "{34B6AA92-2081-455F-92ED-1AD260E62D99}"
EndProject
Project("{9A19103F-16F7-4668-BE54-9A1E7A4F7556}") = "xMicrosoft.AspNetCore", "src\x\xMicrosoft\.AspNetCore\xMicrosoft.AspNetCore.csproj", "{8A59B145-14B1-478C-A715-FFFFF861E614}"
EndProject
Project("{9A19103F-16F7-4668-BE54-9A1E7A4F7556}") = "xMicrosoft.Abstractions", "src\x\xMicrosoft\.Abstractions\xMicrosoft.Abstractions.csproj", "{0404785A-6F22-4F21-A01D-F8312DD009E8}"
EndProject
Project("{9A19103F-16F7-4668-BE54-9A1E7A4F7556}") = "linq2db.Tests", "src\x\xLinqToDB\.Tests\.v3.3.0\linq2db.Tests.csproj", "{A1BB0597-55FB-4866-839D-62C69DCA5202}"
EndProject
Project("{9A19103F-16F7-4668-BE54-9A1E7A4F7556}") = "xLinqToDB.Old.Tests.T4", "src\x\xLinqToDB\.Old\.Tests\.T4\xLinqToDB.Old.Tests.T4.csproj", "{873A0921-7C2A-4474-B03C-5B9797C2E028}"
EndProject
Project("{9A19103F-16F7-4668-BE54-9A1E7A4F7556}") = "xLinqToDB.Old.Tests", "src\x\xLinqToDB\.Old\.Tests\xLinqToDB.Old.Tests.csproj", "{39E9B883-A847-4E5F-8F8B-6BCAACCB83D2}"
EndProject
Project("{9A19103F-16F7-4668-BE54-9A1E7A4F7556}") = "xLinqToDB.Old", "src\x\xLinqToDB\.Old\xLinqToDB.Old.csproj", "{03D4619F-264D-4E13-9C5F-C5FE667FFEA3}"
EndProject
Project("{9A19103F-16F7-4668-BE54-9A1E7A4F7556}") = "xLinqToDB", "src\x\xLinqToDB\xLinqToDB.csproj", "{76DBF491-7CE3-4822-A287-00148DC5CD90}"
EndProject
Project("{9A19103F-16F7-4668-BE54-9A1E7A4F7556}") = "xIQToolkit.Data.SqlServerCe", "src\x\xIQToolkit\.Data\.SqlServerCe\xIQToolkit.Data.SqlServerCe.csproj", "{EB0EA625-E4F8-409F-8351-D9E2BBB5F742}"
EndProject
Project("{9A19103F-16F7-4668-BE54-9A1E7A4F7556}") = "xIQToolkit.Data.SQLite", "src\x\xIQToolkit\.Data\.SQLite\xIQToolkit.Data.SQLite.csproj", "{5E3F47FD-58C0-48D1-A7A6-8D9B58DD00BF}"
EndProject
Project("{9A19103F-16F7-4668-BE54-9A1E7A4F7556}") = "xIQToolkit.Data.SqlClient", "src\x\xIQToolkit\.Data\.SqlClient\xIQToolkit.Data.SqlClient.csproj", "{5021EC45-A2AF-4E61-8B28-044E9BD42DD7}"
EndProject
Project("{9A19103F-16F7-4668-BE54-9A1E7A4F7556}") = "xIQToolkit.Data.Odbc", "src\x\xIQToolkit\.Data\.Odbc\xIQToolkit.Data.Odbc.csproj", "{431FF256-7821-4151-985A-DC4EC28D43A7}"
EndProject
Project("{9A19103F-16F7-4668-BE54-9A1E7A4F7556}") = "xIQToolkit.Data.MySqlClient", "src\x\xIQToolkit\.Data\.MySqlClient\xIQToolkit.Data.MySqlClient.csproj", "{7F6F06DF-3138-4ED1-A4B5-BC03B760991D}"
EndProject
Project("{9A19103F-16F7-4668-BE54-9A1E7A4F7556}") = "xIQToolkit.Data.AS400", "src\x\xIQToolkit\.Data\.AS400\xIQToolkit.Data.AS400.csproj", "{F3C255C6-6763-4610-9A9F-F0752CF8DA0B}"
EndProject
Project("{9A19103F-16F7-4668-BE54-9A1E7A4F7556}") = "xIQToolkit.Data.Ado", "src\x\xIQToolkit\.Data\.Ado\xIQToolkit.Data.Ado.csproj", "{FE1B31E1-4511-48AE-9D48-F62B22E6494D}"
EndProject
Project("{9A19103F-16F7-4668-BE54-9A1E7A4F7556}") = "xIQToolkit.Data.Access", "src\x\xIQToolkit\.Data\.Access\xIQToolkit.Data.Access.csproj", "{5E38D137-616B-432A-BA81-F483F194425D}"
EndProject
Project("{9A19103F-16F7-4668-BE54-9A1E7A4F7556}") = "xIQToolkit.Data", "src\x\xIQToolkit\.Data\xIQToolkit.Data.csproj", "{EEA4AF18-A1A0-439F-8EEC-AC07585F8611}"
EndProject
Project("{9A19103F-16F7-4668-BE54-9A1E7A4F7556}") = "xIQToolkit", "src\x\xIQToolkit\xIQToolkit.csproj", "{B0FDC3E9-7F84-4051-A1A0-647D307B1057}"
EndProject
Project("{9A19103F-16F7-4668-BE54-9A1E7A4F7556}") = "xEPPlus", "src\x\xEPPlus\xEPPlus.csproj", "{B2F9B9BC-CF8B-4355-ABF9-EBA39C46894F}"
EndProject
Project("{9A19103F-16F7-4668-BE54-9A1E7A4F7556}") = "xDynamicQuery.Net", "src\x\xDynamicQuery.Net\xDynamicQuery.Net.csproj", "{A0B411A8-FB3B-4A68-BC50-9B0E53858BDD}"
EndProject
Project("{9A19103F-16F7-4668-BE54-9A1E7A4F7556}") = "xDatabaseSchemaReader", "src\x\xDatabaseSchemaReader\xDatabaseSchemaReader.csproj", "{619E0E8F-E6F7-4772-8E8B-6E311208812E}"
EndProject
Project("{9A19103F-16F7-4668-BE54-9A1E7A4F7556}") = "xDapper", "src\x\xDapper\xDapper.csproj", "{E4296B80-72B1-4FA0-8815-DE1A504DE46A}"
EndProject
Project("{9A19103F-16F7-4668-BE54-9A1E7A4F7556}") = "xDamienBod.StsServer", "src\x\xDamienBod\.StsServer\xDamienBod.StsServer.csproj", "{CE8BB6F0-A223-4D48-A4AF-6516562AD6BD}"
EndProject
Project("{9A19103F-16F7-4668-BE54-9A1E7A4F7556}") = "xDamienBod.MvcHybridClient", "src\x\xDamienBod\.MvcHybridClient\xDamienBod.MvcHybridClient.csproj", "{6F61C37F-5CB2-46AC-BEC0-B8545D8C627F}"
EndProject
Project("{9A19103F-16F7-4668-BE54-9A1E7A4F7556}") = "xDamienBod.AppAuthorizationService", "src\x\xDamienBod\.AppAuthorizationService\xDamienBod.AppAuthorizationService.csproj", "{5C2A4BD0-13CB-4884-AF6E-B5A4E7AC60FC}"
EndProject
Project("{9A19103F-16F7-4668-BE54-9A1E7A4F7556}") = "xBBraithwaite", "src\x\xBBraithwaite\xBBraithwaite.csproj", "{DF1DC220-F244-4E86-A489-0012BB7F492B}"
EndProject
Project("{9A19103F-16F7-4668-BE54-9A1E7A4F7556}") = "Common.VisualStudio.ProjectVersion", "src\Common\.VisualStudio\.ProjectVersion\Common.VisualStudio.ProjectVersion.csproj", "{4B79C4AF-1BAF-491F-90B6-BC87EF711B49}"
EndProject
Project("{9A19103F-16F7-4668-BE54-9A1E7A4F7556}") = "Common.NetStandard.Data", "src\Common\.NetStandard\.Data\Common.NetStandard.Data.csproj", "{CF5F0C8D-2553-497E-B2E4-4F7FA78160E0}"
EndProject
Project("{9A19103F-16F7-4668-BE54-9A1E7A4F7556}") = "Common.NetStandard", "src\Common\.NetStandard\Common.NetStandard.csproj", "{48629980-0C07-43A4-89C4-450F3654C6F6}"
EndProject
Project("{9A19103F-16F7-4668-BE54-9A1E7A4F7556}") = "Common.NetFramework.Dev", "src\Common\.NetFramework\.Dev\Common.NetFramework.Dev.csproj", "{7EA66DA7-E8F1-4B9F-986B-4A9484C5E3B1}"
EndProject
Project("{9A19103F-16F7-4668-BE54-9A1E7A4F7556}") = "Common.NetFramework", "src\Common\.NetFramework\Common.NetFramework.csproj", "{973B11CE-1AAF-4697-AC59-957A6BEADE68}"
EndProject
Project("{9A19103F-16F7-4668-BE54-9A1E7A4F7556}") = "Common.NetCoreApp", "src\Common\.NetCoreApp\Common.NetCoreApp.csproj", "{50D69345-C5FE-4917-A40D-4FB3A2CEA819}"
EndProject
Project("{9A19103F-16F7-4668-BE54-9A1E7A4F7556}") = "Common.InstalledSoftwareInfo", "src\Common\.InstalledSoftwareInfo\Common.InstalledSoftwareInfo.csproj", "{8222FD8A-F3A1-4083-9C0D-517F5750541D}"
EndProject
Project("{9A19103F-16F7-4668-BE54-9A1E7A4F7556}") = "Common.AspNetCore.Identity.Providers.SqlKata", "src\Common\.AspNetCore\.Identity\.Providers\.SqlKata\Common.AspNetCore.Identity.Providers.SqlKata.csproj", "{8C3C2221-7719-4A65-A540-73CEE0A29572}"
EndProject
Project("{9A19103F-16F7-4668-BE54-9A1E7A4F7556}") = "Common.AspNetCore.Identity.Providers.RepoDb", "src\Common\.AspNetCore\.Identity\.Providers\.RepoDb\Common.AspNetCore.Identity.Providers.RepoDb.csproj", "{F36AA5AB-2FE4-4E2D-9FB9-493368E4CA73}"
EndProject
Project("{9A19103F-16F7-4668-BE54-9A1E7A4F7556}") = "Common.AspNetCore.Identity.Providers.RavenDb", "src\Common\.AspNetCore\.Identity\.Providers\.RavenDb\Common.AspNetCore.Identity.Providers.RavenDb.csproj", "{76A15CCC-876C-4406-BD6C-272DE66BDE6F}"
EndProject
Project("{9A19103F-16F7-4668-BE54-9A1E7A4F7556}") = "Common.AspNetCore.Identity.Providers.LinqToDB", "src\Common\.AspNetCore\.Identity\.Providers\.LinqToDB\Common.AspNetCore.Identity.Providers.LinqToDB.csproj", "{49A4D1E3-B98A-47DD-83AB-B3376BA49DC7}"
EndProject
Project("{9A19103F-16F7-4668-BE54-9A1E7A4F7556}") = "Common.AspNetCore.Identity.Providers.EntityFrameworkCore", "src\Common\.AspNetCore\.Identity\.Providers\.EntityFrameworkCore\Common.AspNetCore.Identity.Providers.EntityFrameworkCore.csproj", "{A956D94E-A353-444A-B71E-B5952044FAA1}"
EndProject
Project("{9A19103F-16F7-4668-BE54-9A1E7A4F7556}") = "Common.AspNetCore.Identity.Providers.Dapper", "src\Common\.AspNetCore\.Identity\.Providers\.Dapper\Common.AspNetCore.Identity.Providers.Dapper.csproj", "{32C6D81F-78B8-4215-87EA-5F8FD5AB3592}"
EndProject
Project("{9A19103F-16F7-4668-BE54-9A1E7A4F7556}") = "Common.AspNetCore.Identity", "src\Common\.AspNetCore\.Identity\Common.AspNetCore.Identity.csproj", "{BBBED234-B2AD-4703-8F7D-F70DD918F74E}"
EndProject
Project("{9A19103F-16F7-4668-BE54-9A1E7A4F7556}") = "Common.Abstractions", "src\Common\.Abstractions\Common.Abstractions.csproj", "{79D8ECA0-DC1E-4E46-AE21-CE2BD3893D31}"
EndProject
Project("{2150E333-8FDC-42A3-9474-1A3956D46DE8}") = "Common", "Common", "{30BB0427-8FC8-4BF3-8833-AF147088A596}"
EndProject
Project("{2150E333-8FDC-42A3-9474-1A3956D46DE8}") = "IQToolkit", "IQToolkit", "{FC420976-1D43-47FB-AA70-565DCE9A0511}"
EndProject
Project("{2150E333-8FDC-42A3-9474-1A3956D46DE8}") = "System", "System", "{383364AA-3D10-4E27-9FE4-3DBD5F7ACEC9}"
EndProject
Project("{2150E333-8FDC-42A3-9474-1A3956D46DE8}") = "LinqToDB", "LinqToDB", "{24D1BC2B-2624-4381-8E73-399909136172}"
EndProject
Project("{2150E333-8FDC-42A3-9474-1A3956D46DE8}") = "Microsoft", "Microsoft", "{4ED3B82C-CBF1-4FBD-ADF5-2E2E87D06FE3}"
EndProject
Project("{2150E333-8FDC-42A3-9474-1A3956D46DE8}") = "NetOffice", "NetOffice", "{4D6E5DF2-15E4-44A8-AC0A-8628975BEC9A}"
EndProject
Project("{2150E333-8FDC-42A3-9474-1A3956D46DE8}") = "MiniProfiler", "MiniProfiler", "{FC34AB6F-0267-4DCE-A319-EE918DEB1B7E}"
EndProject
Project("{2150E333-8FDC-42A3-9474-1A3956D46DE8}") = "XUnit", "XUnit", "{E68A4AE7-7D9C-4A24-9973-DFF2939C8861}"
EndProject
Project("{2150E333-8FDC-42A3-9474-1A3956D46DE8}") = "DamienBod", "DamienBod", "{C58D4D57-DFE6-4360-BB9B-103F261959C2}"
EndProject
Project("{9A19103F-16F7-4668-BE54-9A1E7A4F7556}") = "xMicrosoft.AspNetCore.App", "src\x\xMicrosoft\.AspNetCore\.App\xMicrosoft.AspNetCore.App.csproj", "{C04509AD-1136-4CA5-ADDA-C8CB1E122F8E}"
EndProject
Project("{9A19103F-16F7-4668-BE54-9A1E7A4F7556}") = "X10sions.NugetPackages", "src\X10sions.NugetPackages\X10sions.NugetPackages.csproj", "{D46A520E-64BE-4F0C-A9B8-466DFB57C855}"
EndProject
Project("{2150E333-8FDC-42A3-9474-1A3956D46DE8}") = "NotUsedYet", "NotUsedYet", "{F0867344-5FF1-45A0-B1B6-B03E475EFAE0}"
EndProject
Project("{2150E333-8FDC-42A3-9474-1A3956D46DE8}") = "NotUsedYet", "NotUsedYet", "{E0A3B4EF-0EAB-48DA-A6BA-AFD2353733B5}"
EndProject
Global
	GlobalSection(SolutionConfigurationPlatforms) = preSolution
		Debug|Any CPU = Debug|Any CPU
		Release|Any CPU = Release|Any CPU
	EndGlobalSection
	GlobalSection(ProjectConfigurationPlatforms) = postSolution
		{CF6D1DA8-6D92-461D-97EA-AA5A4272412E}.Debug|Any CPU.ActiveCfg = Debug|Any CPU
		{CF6D1DA8-6D92-461D-97EA-AA5A4272412E}.Debug|Any CPU.Build.0 = Debug|Any CPU
		{CF6D1DA8-6D92-461D-97EA-AA5A4272412E}.Release|Any CPU.ActiveCfg = Release|Any CPU
		{CF6D1DA8-6D92-461D-97EA-AA5A4272412E}.Release|Any CPU.Build.0 = Release|Any CPU
		{E9240DE8-50B2-44F5-8B04-0A435351EB37}.Debug|Any CPU.ActiveCfg = Debug|Any CPU
		{E9240DE8-50B2-44F5-8B04-0A435351EB37}.Debug|Any CPU.Build.0 = Debug|Any CPU
		{E9240DE8-50B2-44F5-8B04-0A435351EB37}.Release|Any CPU.ActiveCfg = Release|Any CPU
		{E9240DE8-50B2-44F5-8B04-0A435351EB37}.Release|Any CPU.Build.0 = Release|Any CPU
		{C0F4BF0C-464D-41CE-9EDC-1AE5382852F6}.Debug|Any CPU.ActiveCfg = Debug|Any CPU
		{C0F4BF0C-464D-41CE-9EDC-1AE5382852F6}.Debug|Any CPU.Build.0 = Debug|Any CPU
		{C0F4BF0C-464D-41CE-9EDC-1AE5382852F6}.Release|Any CPU.ActiveCfg = Release|Any CPU
		{C0F4BF0C-464D-41CE-9EDC-1AE5382852F6}.Release|Any CPU.Build.0 = Release|Any CPU
		{32E3233E-A9E7-4257-837C-513AF29AEAE9}.Debug|Any CPU.ActiveCfg = Debug|Any CPU
		{32E3233E-A9E7-4257-837C-513AF29AEAE9}.Debug|Any CPU.Build.0 = Debug|Any CPU
		{32E3233E-A9E7-4257-837C-513AF29AEAE9}.Release|Any CPU.ActiveCfg = Release|Any CPU
		{32E3233E-A9E7-4257-837C-513AF29AEAE9}.Release|Any CPU.Build.0 = Release|Any CPU
		{E56F6E12-089C-40ED-BCFD-923E5FA121A1}.Debug|Any CPU.ActiveCfg = Debug|Any CPU
		{E56F6E12-089C-40ED-BCFD-923E5FA121A1}.Debug|Any CPU.Build.0 = Debug|Any CPU
		{E56F6E12-089C-40ED-BCFD-923E5FA121A1}.Release|Any CPU.ActiveCfg = Release|Any CPU
		{E56F6E12-089C-40ED-BCFD-923E5FA121A1}.Release|Any CPU.Build.0 = Release|Any CPU
		{3C10280B-3191-4170-AE10-66F6168401A6}.Debug|Any CPU.ActiveCfg = Debug|Any CPU
		{3C10280B-3191-4170-AE10-66F6168401A6}.Debug|Any CPU.Build.0 = Debug|Any CPU
		{3C10280B-3191-4170-AE10-66F6168401A6}.Release|Any CPU.ActiveCfg = Release|Any CPU
		{3C10280B-3191-4170-AE10-66F6168401A6}.Release|Any CPU.Build.0 = Release|Any CPU
		{562DBE49-6CA6-4D55-81E2-EE0CEED67411}.Debug|Any CPU.ActiveCfg = Debug|Any CPU
		{562DBE49-6CA6-4D55-81E2-EE0CEED67411}.Debug|Any CPU.Build.0 = Debug|Any CPU
		{562DBE49-6CA6-4D55-81E2-EE0CEED67411}.Release|Any CPU.ActiveCfg = Release|Any CPU
		{562DBE49-6CA6-4D55-81E2-EE0CEED67411}.Release|Any CPU.Build.0 = Release|Any CPU
		{B6724314-5D2E-4449-ABAB-4A2820BF267A}.Debug|Any CPU.ActiveCfg = Debug|Any CPU
		{B6724314-5D2E-4449-ABAB-4A2820BF267A}.Debug|Any CPU.Build.0 = Debug|Any CPU
		{B6724314-5D2E-4449-ABAB-4A2820BF267A}.Release|Any CPU.ActiveCfg = Release|Any CPU
		{B6724314-5D2E-4449-ABAB-4A2820BF267A}.Release|Any CPU.Build.0 = Release|Any CPU
		{690B0F0D-EDDD-44CA-A4A2-2E0DBED2881D}.Debug|Any CPU.ActiveCfg = Debug|Any CPU
		{690B0F0D-EDDD-44CA-A4A2-2E0DBED2881D}.Debug|Any CPU.Build.0 = Debug|Any CPU
		{690B0F0D-EDDD-44CA-A4A2-2E0DBED2881D}.Release|Any CPU.ActiveCfg = Release|Any CPU
		{690B0F0D-EDDD-44CA-A4A2-2E0DBED2881D}.Release|Any CPU.Build.0 = Release|Any CPU
		{26B745C5-983E-4DF5-9F31-DB0230B482AB}.Debug|Any CPU.ActiveCfg = Debug|Any CPU
		{26B745C5-983E-4DF5-9F31-DB0230B482AB}.Debug|Any CPU.Build.0 = Debug|Any CPU
		{26B745C5-983E-4DF5-9F31-DB0230B482AB}.Release|Any CPU.ActiveCfg = Release|Any CPU
		{26B745C5-983E-4DF5-9F31-DB0230B482AB}.Release|Any CPU.Build.0 = Release|Any CPU
		{8B25B67A-743F-4F82-BCFD-7D70A70D4A2B}.Debug|Any CPU.ActiveCfg = Debug|Any CPU
		{8B25B67A-743F-4F82-BCFD-7D70A70D4A2B}.Debug|Any CPU.Build.0 = Debug|Any CPU
		{8B25B67A-743F-4F82-BCFD-7D70A70D4A2B}.Release|Any CPU.ActiveCfg = Release|Any CPU
		{8B25B67A-743F-4F82-BCFD-7D70A70D4A2B}.Release|Any CPU.Build.0 = Release|Any CPU
		{71CE7BE9-333E-4A74-8213-F21C5B2219D4}.Debug|Any CPU.ActiveCfg = Debug|Any CPU
		{71CE7BE9-333E-4A74-8213-F21C5B2219D4}.Debug|Any CPU.Build.0 = Debug|Any CPU
		{71CE7BE9-333E-4A74-8213-F21C5B2219D4}.Release|Any CPU.ActiveCfg = Release|Any CPU
		{71CE7BE9-333E-4A74-8213-F21C5B2219D4}.Release|Any CPU.Build.0 = Release|Any CPU
		{76F49064-7FE0-46BE-8252-1F464B90860F}.Debug|Any CPU.ActiveCfg = Debug|Any CPU
		{76F49064-7FE0-46BE-8252-1F464B90860F}.Debug|Any CPU.Build.0 = Debug|Any CPU
		{76F49064-7FE0-46BE-8252-1F464B90860F}.Release|Any CPU.ActiveCfg = Release|Any CPU
		{76F49064-7FE0-46BE-8252-1F464B90860F}.Release|Any CPU.Build.0 = Release|Any CPU
		{BC0250C7-7E54-4EB3-93CA-CBDFEDEE75F8}.Debug|Any CPU.ActiveCfg = Debug|Any CPU
		{BC0250C7-7E54-4EB3-93CA-CBDFEDEE75F8}.Debug|Any CPU.Build.0 = Debug|Any CPU
		{BC0250C7-7E54-4EB3-93CA-CBDFEDEE75F8}.Release|Any CPU.ActiveCfg = Release|Any CPU
		{BC0250C7-7E54-4EB3-93CA-CBDFEDEE75F8}.Release|Any CPU.Build.0 = Release|Any CPU
		{B2ABC524-C0AD-4CB4-B980-90E225C22CA2}.Debug|Any CPU.ActiveCfg = Debug|Any CPU
		{B2ABC524-C0AD-4CB4-B980-90E225C22CA2}.Debug|Any CPU.Build.0 = Debug|Any CPU
		{B2ABC524-C0AD-4CB4-B980-90E225C22CA2}.Release|Any CPU.ActiveCfg = Release|Any CPU
		{B2ABC524-C0AD-4CB4-B980-90E225C22CA2}.Release|Any CPU.Build.0 = Release|Any CPU
		{0D7F2A53-3D9A-4D10-AFF6-C29B5642B28E}.Debug|Any CPU.ActiveCfg = Debug|Any CPU
		{0D7F2A53-3D9A-4D10-AFF6-C29B5642B28E}.Debug|Any CPU.Build.0 = Debug|Any CPU
		{0D7F2A53-3D9A-4D10-AFF6-C29B5642B28E}.Release|Any CPU.ActiveCfg = Release|Any CPU
		{0D7F2A53-3D9A-4D10-AFF6-C29B5642B28E}.Release|Any CPU.Build.0 = Release|Any CPU
		{23C56DE7-D250-4D1A-8425-EEC901B5379A}.Debug|Any CPU.ActiveCfg = Debug|Any CPU
		{23C56DE7-D250-4D1A-8425-EEC901B5379A}.Debug|Any CPU.Build.0 = Debug|Any CPU
		{23C56DE7-D250-4D1A-8425-EEC901B5379A}.Release|Any CPU.ActiveCfg = Release|Any CPU
		{23C56DE7-D250-4D1A-8425-EEC901B5379A}.Release|Any CPU.Build.0 = Release|Any CPU
		{0166937C-D5D7-4074-963D-AFB890C30B5A}.Debug|Any CPU.ActiveCfg = Debug|Any CPU
		{0166937C-D5D7-4074-963D-AFB890C30B5A}.Debug|Any CPU.Build.0 = Debug|Any CPU
		{0166937C-D5D7-4074-963D-AFB890C30B5A}.Release|Any CPU.ActiveCfg = Release|Any CPU
		{0166937C-D5D7-4074-963D-AFB890C30B5A}.Release|Any CPU.Build.0 = Release|Any CPU
		{FAE9B2F2-AE24-4CC7-A604-5F6F92A0B5FC}.Debug|Any CPU.ActiveCfg = Debug|Any CPU
		{FAE9B2F2-AE24-4CC7-A604-5F6F92A0B5FC}.Debug|Any CPU.Build.0 = Debug|Any CPU
		{FAE9B2F2-AE24-4CC7-A604-5F6F92A0B5FC}.Release|Any CPU.ActiveCfg = Release|Any CPU
		{FAE9B2F2-AE24-4CC7-A604-5F6F92A0B5FC}.Release|Any CPU.Build.0 = Release|Any CPU
		{CB340AEC-539D-43EB-8FEB-18F660A013D7}.Debug|Any CPU.ActiveCfg = Debug|Any CPU
		{CB340AEC-539D-43EB-8FEB-18F660A013D7}.Debug|Any CPU.Build.0 = Debug|Any CPU
		{CB340AEC-539D-43EB-8FEB-18F660A013D7}.Release|Any CPU.ActiveCfg = Release|Any CPU
		{CB340AEC-539D-43EB-8FEB-18F660A013D7}.Release|Any CPU.Build.0 = Release|Any CPU
		{389787A2-8F76-4376-BB4A-A55B7663115F}.Debug|Any CPU.ActiveCfg = Debug|Any CPU
		{389787A2-8F76-4376-BB4A-A55B7663115F}.Debug|Any CPU.Build.0 = Debug|Any CPU
		{389787A2-8F76-4376-BB4A-A55B7663115F}.Release|Any CPU.ActiveCfg = Release|Any CPU
		{389787A2-8F76-4376-BB4A-A55B7663115F}.Release|Any CPU.Build.0 = Release|Any CPU
		{3102EF15-EB06-467B-A850-C5AFB6231A75}.Debug|Any CPU.ActiveCfg = Debug|Any CPU
		{3102EF15-EB06-467B-A850-C5AFB6231A75}.Debug|Any CPU.Build.0 = Debug|Any CPU
		{3102EF15-EB06-467B-A850-C5AFB6231A75}.Release|Any CPU.ActiveCfg = Release|Any CPU
		{3102EF15-EB06-467B-A850-C5AFB6231A75}.Release|Any CPU.Build.0 = Release|Any CPU
		{6E6911B7-7B03-4FAF-998F-E3086A4EDCFC}.Debug|Any CPU.ActiveCfg = Debug|Any CPU
		{6E6911B7-7B03-4FAF-998F-E3086A4EDCFC}.Debug|Any CPU.Build.0 = Debug|Any CPU
		{6E6911B7-7B03-4FAF-998F-E3086A4EDCFC}.Release|Any CPU.ActiveCfg = Release|Any CPU
		{6E6911B7-7B03-4FAF-998F-E3086A4EDCFC}.Release|Any CPU.Build.0 = Release|Any CPU
		{3EAA8318-AC1A-4C42-BBA7-9AF6F081DED1}.Debug|Any CPU.ActiveCfg = Debug|Any CPU
		{3EAA8318-AC1A-4C42-BBA7-9AF6F081DED1}.Debug|Any CPU.Build.0 = Debug|Any CPU
		{3EAA8318-AC1A-4C42-BBA7-9AF6F081DED1}.Release|Any CPU.ActiveCfg = Release|Any CPU
		{3EAA8318-AC1A-4C42-BBA7-9AF6F081DED1}.Release|Any CPU.Build.0 = Release|Any CPU
		{E130D27E-1C04-425B-BCB0-9A22E9A84A74}.Debug|Any CPU.ActiveCfg = Debug|Any CPU
		{E130D27E-1C04-425B-BCB0-9A22E9A84A74}.Debug|Any CPU.Build.0 = Debug|Any CPU
		{E130D27E-1C04-425B-BCB0-9A22E9A84A74}.Release|Any CPU.ActiveCfg = Release|Any CPU
		{E130D27E-1C04-425B-BCB0-9A22E9A84A74}.Release|Any CPU.Build.0 = Release|Any CPU
		{FDFAFF7C-D05B-4328-820B-A60C658B6BC3}.Debug|Any CPU.ActiveCfg = Debug|Any CPU
		{FDFAFF7C-D05B-4328-820B-A60C658B6BC3}.Debug|Any CPU.Build.0 = Debug|Any CPU
		{FDFAFF7C-D05B-4328-820B-A60C658B6BC3}.Release|Any CPU.ActiveCfg = Release|Any CPU
		{FDFAFF7C-D05B-4328-820B-A60C658B6BC3}.Release|Any CPU.Build.0 = Release|Any CPU
		{61E1035F-E7D8-4062-8916-0CF45FA460AB}.Debug|Any CPU.ActiveCfg = Debug|Any CPU
		{61E1035F-E7D8-4062-8916-0CF45FA460AB}.Debug|Any CPU.Build.0 = Debug|Any CPU
		{61E1035F-E7D8-4062-8916-0CF45FA460AB}.Release|Any CPU.ActiveCfg = Release|Any CPU
		{61E1035F-E7D8-4062-8916-0CF45FA460AB}.Release|Any CPU.Build.0 = Release|Any CPU
		{ACD6E916-8D24-4D56-91A6-F5065CB8CE13}.Debug|Any CPU.ActiveCfg = Debug|Any CPU
		{ACD6E916-8D24-4D56-91A6-F5065CB8CE13}.Debug|Any CPU.Build.0 = Debug|Any CPU
		{ACD6E916-8D24-4D56-91A6-F5065CB8CE13}.Release|Any CPU.ActiveCfg = Release|Any CPU
		{ACD6E916-8D24-4D56-91A6-F5065CB8CE13}.Release|Any CPU.Build.0 = Release|Any CPU
		{7E39F691-2FF9-4D40-8FA5-1CC358DD9B20}.Debug|Any CPU.ActiveCfg = Debug|Any CPU
		{7E39F691-2FF9-4D40-8FA5-1CC358DD9B20}.Debug|Any CPU.Build.0 = Debug|Any CPU
		{7E39F691-2FF9-4D40-8FA5-1CC358DD9B20}.Release|Any CPU.ActiveCfg = Release|Any CPU
		{7E39F691-2FF9-4D40-8FA5-1CC358DD9B20}.Release|Any CPU.Build.0 = Release|Any CPU
		{222D865B-6E6C-45BD-81D2-F2CFD672B728}.Debug|Any CPU.ActiveCfg = Debug|Any CPU
		{222D865B-6E6C-45BD-81D2-F2CFD672B728}.Debug|Any CPU.Build.0 = Debug|Any CPU
		{222D865B-6E6C-45BD-81D2-F2CFD672B728}.Release|Any CPU.ActiveCfg = Release|Any CPU
		{222D865B-6E6C-45BD-81D2-F2CFD672B728}.Release|Any CPU.Build.0 = Release|Any CPU
		{08BEA874-0644-498F-B453-3F6365F365D6}.Debug|Any CPU.ActiveCfg = Debug|Any CPU
		{08BEA874-0644-498F-B453-3F6365F365D6}.Debug|Any CPU.Build.0 = Debug|Any CPU
		{08BEA874-0644-498F-B453-3F6365F365D6}.Release|Any CPU.ActiveCfg = Release|Any CPU
		{08BEA874-0644-498F-B453-3F6365F365D6}.Release|Any CPU.Build.0 = Release|Any CPU
		{99FE682B-90E8-4E72-B858-926A87B67EC1}.Debug|Any CPU.ActiveCfg = Debug|Any CPU
		{99FE682B-90E8-4E72-B858-926A87B67EC1}.Debug|Any CPU.Build.0 = Debug|Any CPU
		{99FE682B-90E8-4E72-B858-926A87B67EC1}.Release|Any CPU.ActiveCfg = Release|Any CPU
		{99FE682B-90E8-4E72-B858-926A87B67EC1}.Release|Any CPU.Build.0 = Release|Any CPU
		{C24B7B92-AE19-4490-BBF7-5D5763CC57BE}.Debug|Any CPU.ActiveCfg = Debug|Any CPU
		{C24B7B92-AE19-4490-BBF7-5D5763CC57BE}.Debug|Any CPU.Build.0 = Debug|Any CPU
		{C24B7B92-AE19-4490-BBF7-5D5763CC57BE}.Release|Any CPU.ActiveCfg = Release|Any CPU
		{C24B7B92-AE19-4490-BBF7-5D5763CC57BE}.Release|Any CPU.Build.0 = Release|Any CPU
		{57893A45-C699-418E-9A2E-9B593B017581}.Debug|Any CPU.ActiveCfg = Debug|Any CPU
		{57893A45-C699-418E-9A2E-9B593B017581}.Debug|Any CPU.Build.0 = Debug|Any CPU
		{57893A45-C699-418E-9A2E-9B593B017581}.Release|Any CPU.ActiveCfg = Release|Any CPU
		{57893A45-C699-418E-9A2E-9B593B017581}.Release|Any CPU.Build.0 = Release|Any CPU
		{711F8754-74C2-4F4A-9337-BF3BB1168820}.Debug|Any CPU.ActiveCfg = Debug|Any CPU
		{711F8754-74C2-4F4A-9337-BF3BB1168820}.Debug|Any CPU.Build.0 = Debug|Any CPU
		{711F8754-74C2-4F4A-9337-BF3BB1168820}.Release|Any CPU.ActiveCfg = Release|Any CPU
		{711F8754-74C2-4F4A-9337-BF3BB1168820}.Release|Any CPU.Build.0 = Release|Any CPU
		{2CAD223C-3773-41CF-9325-308F0F1155FA}.Debug|Any CPU.ActiveCfg = Debug|Any CPU
		{2CAD223C-3773-41CF-9325-308F0F1155FA}.Debug|Any CPU.Build.0 = Debug|Any CPU
		{2CAD223C-3773-41CF-9325-308F0F1155FA}.Release|Any CPU.ActiveCfg = Release|Any CPU
		{2CAD223C-3773-41CF-9325-308F0F1155FA}.Release|Any CPU.Build.0 = Release|Any CPU
		{91D31EB8-1AAC-48B0-B1DE-20F0CE70BB83}.Debug|Any CPU.ActiveCfg = Debug|Any CPU
		{91D31EB8-1AAC-48B0-B1DE-20F0CE70BB83}.Debug|Any CPU.Build.0 = Debug|Any CPU
		{91D31EB8-1AAC-48B0-B1DE-20F0CE70BB83}.Release|Any CPU.ActiveCfg = Release|Any CPU
		{91D31EB8-1AAC-48B0-B1DE-20F0CE70BB83}.Release|Any CPU.Build.0 = Release|Any CPU
		{6C0E2709-E7AF-45C6-AD9B-964D41E608D1}.Debug|Any CPU.ActiveCfg = Debug|Any CPU
		{6C0E2709-E7AF-45C6-AD9B-964D41E608D1}.Debug|Any CPU.Build.0 = Debug|Any CPU
		{6C0E2709-E7AF-45C6-AD9B-964D41E608D1}.Release|Any CPU.ActiveCfg = Release|Any CPU
		{6C0E2709-E7AF-45C6-AD9B-964D41E608D1}.Release|Any CPU.Build.0 = Release|Any CPU
		{04EB2C1B-9D68-4395-8A24-FF6FC930CD55}.Debug|Any CPU.ActiveCfg = Debug|Any CPU
		{04EB2C1B-9D68-4395-8A24-FF6FC930CD55}.Debug|Any CPU.Build.0 = Debug|Any CPU
		{04EB2C1B-9D68-4395-8A24-FF6FC930CD55}.Release|Any CPU.ActiveCfg = Release|Any CPU
		{04EB2C1B-9D68-4395-8A24-FF6FC930CD55}.Release|Any CPU.Build.0 = Release|Any CPU
		{571382A5-C0AC-4BE7-9555-DB1D0F2C793F}.Debug|Any CPU.ActiveCfg = Debug|Any CPU
		{571382A5-C0AC-4BE7-9555-DB1D0F2C793F}.Debug|Any CPU.Build.0 = Debug|Any CPU
		{571382A5-C0AC-4BE7-9555-DB1D0F2C793F}.Release|Any CPU.ActiveCfg = Release|Any CPU
		{571382A5-C0AC-4BE7-9555-DB1D0F2C793F}.Release|Any CPU.Build.0 = Release|Any CPU
		{FE9C34CE-43B1-4470-828C-0A7DB76A9DF5}.Debug|Any CPU.ActiveCfg = Debug|Any CPU
		{FE9C34CE-43B1-4470-828C-0A7DB76A9DF5}.Debug|Any CPU.Build.0 = Debug|Any CPU
		{FE9C34CE-43B1-4470-828C-0A7DB76A9DF5}.Release|Any CPU.ActiveCfg = Release|Any CPU
		{FE9C34CE-43B1-4470-828C-0A7DB76A9DF5}.Release|Any CPU.Build.0 = Release|Any CPU
		{AB0A74FE-5006-4DB8-8EF8-189D080CFEFB}.Debug|Any CPU.ActiveCfg = Debug|Any CPU
		{AB0A74FE-5006-4DB8-8EF8-189D080CFEFB}.Debug|Any CPU.Build.0 = Debug|Any CPU
		{AB0A74FE-5006-4DB8-8EF8-189D080CFEFB}.Release|Any CPU.ActiveCfg = Release|Any CPU
		{AB0A74FE-5006-4DB8-8EF8-189D080CFEFB}.Release|Any CPU.Build.0 = Release|Any CPU
		{FF353AEF-FF76-4481-AC23-DD14E3BD95CA}.Debug|Any CPU.ActiveCfg = Debug|Any CPU
		{FF353AEF-FF76-4481-AC23-DD14E3BD95CA}.Debug|Any CPU.Build.0 = Debug|Any CPU
		{FF353AEF-FF76-4481-AC23-DD14E3BD95CA}.Release|Any CPU.ActiveCfg = Release|Any CPU
		{FF353AEF-FF76-4481-AC23-DD14E3BD95CA}.Release|Any CPU.Build.0 = Release|Any CPU
		{34B6AA92-2081-455F-92ED-1AD260E62D99}.Debug|Any CPU.ActiveCfg = Debug|Any CPU
		{34B6AA92-2081-455F-92ED-1AD260E62D99}.Debug|Any CPU.Build.0 = Debug|Any CPU
		{34B6AA92-2081-455F-92ED-1AD260E62D99}.Release|Any CPU.ActiveCfg = Release|Any CPU
		{34B6AA92-2081-455F-92ED-1AD260E62D99}.Release|Any CPU.Build.0 = Release|Any CPU
		{8A59B145-14B1-478C-A715-FFFFF861E614}.Debug|Any CPU.ActiveCfg = Debug|Any CPU
		{8A59B145-14B1-478C-A715-FFFFF861E614}.Debug|Any CPU.Build.0 = Debug|Any CPU
		{8A59B145-14B1-478C-A715-FFFFF861E614}.Release|Any CPU.ActiveCfg = Release|Any CPU
		{8A59B145-14B1-478C-A715-FFFFF861E614}.Release|Any CPU.Build.0 = Release|Any CPU
		{0404785A-6F22-4F21-A01D-F8312DD009E8}.Debug|Any CPU.ActiveCfg = Debug|Any CPU
		{0404785A-6F22-4F21-A01D-F8312DD009E8}.Debug|Any CPU.Build.0 = Debug|Any CPU
		{0404785A-6F22-4F21-A01D-F8312DD009E8}.Release|Any CPU.ActiveCfg = Release|Any CPU
		{0404785A-6F22-4F21-A01D-F8312DD009E8}.Release|Any CPU.Build.0 = Release|Any CPU
		{A1BB0597-55FB-4866-839D-62C69DCA5202}.Debug|Any CPU.ActiveCfg = Debug|Any CPU
		{A1BB0597-55FB-4866-839D-62C69DCA5202}.Debug|Any CPU.Build.0 = Debug|Any CPU
		{A1BB0597-55FB-4866-839D-62C69DCA5202}.Release|Any CPU.ActiveCfg = Release|Any CPU
		{A1BB0597-55FB-4866-839D-62C69DCA5202}.Release|Any CPU.Build.0 = Release|Any CPU
		{873A0921-7C2A-4474-B03C-5B9797C2E028}.Debug|Any CPU.ActiveCfg = Debug|Any CPU
		{873A0921-7C2A-4474-B03C-5B9797C2E028}.Debug|Any CPU.Build.0 = Debug|Any CPU
		{873A0921-7C2A-4474-B03C-5B9797C2E028}.Release|Any CPU.ActiveCfg = Release|Any CPU
		{873A0921-7C2A-4474-B03C-5B9797C2E028}.Release|Any CPU.Build.0 = Release|Any CPU
		{39E9B883-A847-4E5F-8F8B-6BCAACCB83D2}.Debug|Any CPU.ActiveCfg = Debug|Any CPU
		{39E9B883-A847-4E5F-8F8B-6BCAACCB83D2}.Debug|Any CPU.Build.0 = Debug|Any CPU
		{39E9B883-A847-4E5F-8F8B-6BCAACCB83D2}.Release|Any CPU.ActiveCfg = Release|Any CPU
		{39E9B883-A847-4E5F-8F8B-6BCAACCB83D2}.Release|Any CPU.Build.0 = Release|Any CPU
		{03D4619F-264D-4E13-9C5F-C5FE667FFEA3}.Debug|Any CPU.ActiveCfg = Debug|Any CPU
		{03D4619F-264D-4E13-9C5F-C5FE667FFEA3}.Debug|Any CPU.Build.0 = Debug|Any CPU
		{03D4619F-264D-4E13-9C5F-C5FE667FFEA3}.Release|Any CPU.ActiveCfg = Release|Any CPU
		{03D4619F-264D-4E13-9C5F-C5FE667FFEA3}.Release|Any CPU.Build.0 = Release|Any CPU
		{76DBF491-7CE3-4822-A287-00148DC5CD90}.Debug|Any CPU.ActiveCfg = Debug|Any CPU
		{76DBF491-7CE3-4822-A287-00148DC5CD90}.Debug|Any CPU.Build.0 = Debug|Any CPU
		{76DBF491-7CE3-4822-A287-00148DC5CD90}.Release|Any CPU.ActiveCfg = Release|Any CPU
		{76DBF491-7CE3-4822-A287-00148DC5CD90}.Release|Any CPU.Build.0 = Release|Any CPU
		{EB0EA625-E4F8-409F-8351-D9E2BBB5F742}.Debug|Any CPU.ActiveCfg = Debug|Any CPU
		{EB0EA625-E4F8-409F-8351-D9E2BBB5F742}.Debug|Any CPU.Build.0 = Debug|Any CPU
		{EB0EA625-E4F8-409F-8351-D9E2BBB5F742}.Release|Any CPU.ActiveCfg = Release|Any CPU
		{EB0EA625-E4F8-409F-8351-D9E2BBB5F742}.Release|Any CPU.Build.0 = Release|Any CPU
		{5E3F47FD-58C0-48D1-A7A6-8D9B58DD00BF}.Debug|Any CPU.ActiveCfg = Debug|Any CPU
		{5E3F47FD-58C0-48D1-A7A6-8D9B58DD00BF}.Debug|Any CPU.Build.0 = Debug|Any CPU
		{5E3F47FD-58C0-48D1-A7A6-8D9B58DD00BF}.Release|Any CPU.ActiveCfg = Release|Any CPU
		{5E3F47FD-58C0-48D1-A7A6-8D9B58DD00BF}.Release|Any CPU.Build.0 = Release|Any CPU
		{5021EC45-A2AF-4E61-8B28-044E9BD42DD7}.Debug|Any CPU.ActiveCfg = Debug|Any CPU
		{5021EC45-A2AF-4E61-8B28-044E9BD42DD7}.Debug|Any CPU.Build.0 = Debug|Any CPU
		{5021EC45-A2AF-4E61-8B28-044E9BD42DD7}.Release|Any CPU.ActiveCfg = Release|Any CPU
		{5021EC45-A2AF-4E61-8B28-044E9BD42DD7}.Release|Any CPU.Build.0 = Release|Any CPU
		{431FF256-7821-4151-985A-DC4EC28D43A7}.Debug|Any CPU.ActiveCfg = Debug|Any CPU
		{431FF256-7821-4151-985A-DC4EC28D43A7}.Debug|Any CPU.Build.0 = Debug|Any CPU
		{431FF256-7821-4151-985A-DC4EC28D43A7}.Release|Any CPU.ActiveCfg = Release|Any CPU
		{431FF256-7821-4151-985A-DC4EC28D43A7}.Release|Any CPU.Build.0 = Release|Any CPU
		{7F6F06DF-3138-4ED1-A4B5-BC03B760991D}.Debug|Any CPU.ActiveCfg = Debug|Any CPU
		{7F6F06DF-3138-4ED1-A4B5-BC03B760991D}.Debug|Any CPU.Build.0 = Debug|Any CPU
		{7F6F06DF-3138-4ED1-A4B5-BC03B760991D}.Release|Any CPU.ActiveCfg = Release|Any CPU
		{7F6F06DF-3138-4ED1-A4B5-BC03B760991D}.Release|Any CPU.Build.0 = Release|Any CPU
		{F3C255C6-6763-4610-9A9F-F0752CF8DA0B}.Debug|Any CPU.ActiveCfg = Debug|Any CPU
		{F3C255C6-6763-4610-9A9F-F0752CF8DA0B}.Debug|Any CPU.Build.0 = Debug|Any CPU
		{F3C255C6-6763-4610-9A9F-F0752CF8DA0B}.Release|Any CPU.ActiveCfg = Release|Any CPU
		{F3C255C6-6763-4610-9A9F-F0752CF8DA0B}.Release|Any CPU.Build.0 = Release|Any CPU
		{FE1B31E1-4511-48AE-9D48-F62B22E6494D}.Debug|Any CPU.ActiveCfg = Debug|Any CPU
		{FE1B31E1-4511-48AE-9D48-F62B22E6494D}.Debug|Any CPU.Build.0 = Debug|Any CPU
		{FE1B31E1-4511-48AE-9D48-F62B22E6494D}.Release|Any CPU.ActiveCfg = Release|Any CPU
		{FE1B31E1-4511-48AE-9D48-F62B22E6494D}.Release|Any CPU.Build.0 = Release|Any CPU
		{5E38D137-616B-432A-BA81-F483F194425D}.Debug|Any CPU.ActiveCfg = Debug|Any CPU
		{5E38D137-616B-432A-BA81-F483F194425D}.Debug|Any CPU.Build.0 = Debug|Any CPU
		{5E38D137-616B-432A-BA81-F483F194425D}.Release|Any CPU.ActiveCfg = Release|Any CPU
		{5E38D137-616B-432A-BA81-F483F194425D}.Release|Any CPU.Build.0 = Release|Any CPU
		{EEA4AF18-A1A0-439F-8EEC-AC07585F8611}.Debug|Any CPU.ActiveCfg = Debug|Any CPU
		{EEA4AF18-A1A0-439F-8EEC-AC07585F8611}.Debug|Any CPU.Build.0 = Debug|Any CPU
		{EEA4AF18-A1A0-439F-8EEC-AC07585F8611}.Release|Any CPU.ActiveCfg = Release|Any CPU
		{EEA4AF18-A1A0-439F-8EEC-AC07585F8611}.Release|Any CPU.Build.0 = Release|Any CPU
		{B0FDC3E9-7F84-4051-A1A0-647D307B1057}.Debug|Any CPU.ActiveCfg = Debug|Any CPU
		{B0FDC3E9-7F84-4051-A1A0-647D307B1057}.Debug|Any CPU.Build.0 = Debug|Any CPU
		{B0FDC3E9-7F84-4051-A1A0-647D307B1057}.Release|Any CPU.ActiveCfg = Release|Any CPU
		{B0FDC3E9-7F84-4051-A1A0-647D307B1057}.Release|Any CPU.Build.0 = Release|Any CPU
		{B2F9B9BC-CF8B-4355-ABF9-EBA39C46894F}.Debug|Any CPU.ActiveCfg = Debug|Any CPU
		{B2F9B9BC-CF8B-4355-ABF9-EBA39C46894F}.Debug|Any CPU.Build.0 = Debug|Any CPU
		{B2F9B9BC-CF8B-4355-ABF9-EBA39C46894F}.Release|Any CPU.ActiveCfg = Release|Any CPU
		{B2F9B9BC-CF8B-4355-ABF9-EBA39C46894F}.Release|Any CPU.Build.0 = Release|Any CPU
		{A0B411A8-FB3B-4A68-BC50-9B0E53858BDD}.Debug|Any CPU.ActiveCfg = Debug|Any CPU
		{A0B411A8-FB3B-4A68-BC50-9B0E53858BDD}.Debug|Any CPU.Build.0 = Debug|Any CPU
		{A0B411A8-FB3B-4A68-BC50-9B0E53858BDD}.Release|Any CPU.ActiveCfg = Release|Any CPU
		{A0B411A8-FB3B-4A68-BC50-9B0E53858BDD}.Release|Any CPU.Build.0 = Release|Any CPU
		{619E0E8F-E6F7-4772-8E8B-6E311208812E}.Debug|Any CPU.ActiveCfg = Debug|Any CPU
		{619E0E8F-E6F7-4772-8E8B-6E311208812E}.Debug|Any CPU.Build.0 = Debug|Any CPU
		{619E0E8F-E6F7-4772-8E8B-6E311208812E}.Release|Any CPU.ActiveCfg = Release|Any CPU
		{619E0E8F-E6F7-4772-8E8B-6E311208812E}.Release|Any CPU.Build.0 = Release|Any CPU
		{E4296B80-72B1-4FA0-8815-DE1A504DE46A}.Debug|Any CPU.ActiveCfg = Debug|Any CPU
		{E4296B80-72B1-4FA0-8815-DE1A504DE46A}.Debug|Any CPU.Build.0 = Debug|Any CPU
		{E4296B80-72B1-4FA0-8815-DE1A504DE46A}.Release|Any CPU.ActiveCfg = Release|Any CPU
		{E4296B80-72B1-4FA0-8815-DE1A504DE46A}.Release|Any CPU.Build.0 = Release|Any CPU
		{CE8BB6F0-A223-4D48-A4AF-6516562AD6BD}.Debug|Any CPU.ActiveCfg = Debug|Any CPU
		{CE8BB6F0-A223-4D48-A4AF-6516562AD6BD}.Debug|Any CPU.Build.0 = Debug|Any CPU
		{CE8BB6F0-A223-4D48-A4AF-6516562AD6BD}.Release|Any CPU.ActiveCfg = Release|Any CPU
		{CE8BB6F0-A223-4D48-A4AF-6516562AD6BD}.Release|Any CPU.Build.0 = Release|Any CPU
		{6F61C37F-5CB2-46AC-BEC0-B8545D8C627F}.Debug|Any CPU.ActiveCfg = Debug|Any CPU
		{6F61C37F-5CB2-46AC-BEC0-B8545D8C627F}.Debug|Any CPU.Build.0 = Debug|Any CPU
		{6F61C37F-5CB2-46AC-BEC0-B8545D8C627F}.Release|Any CPU.ActiveCfg = Release|Any CPU
		{6F61C37F-5CB2-46AC-BEC0-B8545D8C627F}.Release|Any CPU.Build.0 = Release|Any CPU
		{5C2A4BD0-13CB-4884-AF6E-B5A4E7AC60FC}.Debug|Any CPU.ActiveCfg = Debug|Any CPU
		{5C2A4BD0-13CB-4884-AF6E-B5A4E7AC60FC}.Debug|Any CPU.Build.0 = Debug|Any CPU
		{5C2A4BD0-13CB-4884-AF6E-B5A4E7AC60FC}.Release|Any CPU.ActiveCfg = Release|Any CPU
		{5C2A4BD0-13CB-4884-AF6E-B5A4E7AC60FC}.Release|Any CPU.Build.0 = Release|Any CPU
		{DF1DC220-F244-4E86-A489-0012BB7F492B}.Debug|Any CPU.ActiveCfg = Debug|Any CPU
		{DF1DC220-F244-4E86-A489-0012BB7F492B}.Debug|Any CPU.Build.0 = Debug|Any CPU
		{DF1DC220-F244-4E86-A489-0012BB7F492B}.Release|Any CPU.ActiveCfg = Release|Any CPU
		{DF1DC220-F244-4E86-A489-0012BB7F492B}.Release|Any CPU.Build.0 = Release|Any CPU
		{4B79C4AF-1BAF-491F-90B6-BC87EF711B49}.Debug|Any CPU.ActiveCfg = Debug|Any CPU
		{4B79C4AF-1BAF-491F-90B6-BC87EF711B49}.Debug|Any CPU.Build.0 = Debug|Any CPU
		{4B79C4AF-1BAF-491F-90B6-BC87EF711B49}.Release|Any CPU.ActiveCfg = Release|Any CPU
		{4B79C4AF-1BAF-491F-90B6-BC87EF711B49}.Release|Any CPU.Build.0 = Release|Any CPU
		{CF5F0C8D-2553-497E-B2E4-4F7FA78160E0}.Debug|Any CPU.ActiveCfg = Debug|Any CPU
		{CF5F0C8D-2553-497E-B2E4-4F7FA78160E0}.Debug|Any CPU.Build.0 = Debug|Any CPU
		{CF5F0C8D-2553-497E-B2E4-4F7FA78160E0}.Release|Any CPU.ActiveCfg = Release|Any CPU
		{CF5F0C8D-2553-497E-B2E4-4F7FA78160E0}.Release|Any CPU.Build.0 = Release|Any CPU
		{48629980-0C07-43A4-89C4-450F3654C6F6}.Debug|Any CPU.ActiveCfg = Debug|Any CPU
		{48629980-0C07-43A4-89C4-450F3654C6F6}.Debug|Any CPU.Build.0 = Debug|Any CPU
		{48629980-0C07-43A4-89C4-450F3654C6F6}.Release|Any CPU.ActiveCfg = Release|Any CPU
		{48629980-0C07-43A4-89C4-450F3654C6F6}.Release|Any CPU.Build.0 = Release|Any CPU
		{7EA66DA7-E8F1-4B9F-986B-4A9484C5E3B1}.Debug|Any CPU.ActiveCfg = Debug|Any CPU
		{7EA66DA7-E8F1-4B9F-986B-4A9484C5E3B1}.Debug|Any CPU.Build.0 = Debug|Any CPU
		{7EA66DA7-E8F1-4B9F-986B-4A9484C5E3B1}.Release|Any CPU.ActiveCfg = Release|Any CPU
		{7EA66DA7-E8F1-4B9F-986B-4A9484C5E3B1}.Release|Any CPU.Build.0 = Release|Any CPU
		{973B11CE-1AAF-4697-AC59-957A6BEADE68}.Debug|Any CPU.ActiveCfg = Debug|Any CPU
		{973B11CE-1AAF-4697-AC59-957A6BEADE68}.Debug|Any CPU.Build.0 = Debug|Any CPU
		{973B11CE-1AAF-4697-AC59-957A6BEADE68}.Release|Any CPU.ActiveCfg = Release|Any CPU
		{973B11CE-1AAF-4697-AC59-957A6BEADE68}.Release|Any CPU.Build.0 = Release|Any CPU
		{50D69345-C5FE-4917-A40D-4FB3A2CEA819}.Debug|Any CPU.ActiveCfg = Debug|Any CPU
		{50D69345-C5FE-4917-A40D-4FB3A2CEA819}.Debug|Any CPU.Build.0 = Debug|Any CPU
		{50D69345-C5FE-4917-A40D-4FB3A2CEA819}.Release|Any CPU.ActiveCfg = Release|Any CPU
		{50D69345-C5FE-4917-A40D-4FB3A2CEA819}.Release|Any CPU.Build.0 = Release|Any CPU
		{8222FD8A-F3A1-4083-9C0D-517F5750541D}.Debug|Any CPU.ActiveCfg = Debug|Any CPU
		{8222FD8A-F3A1-4083-9C0D-517F5750541D}.Debug|Any CPU.Build.0 = Debug|Any CPU
		{8222FD8A-F3A1-4083-9C0D-517F5750541D}.Release|Any CPU.ActiveCfg = Release|Any CPU
		{8222FD8A-F3A1-4083-9C0D-517F5750541D}.Release|Any CPU.Build.0 = Release|Any CPU
		{8C3C2221-7719-4A65-A540-73CEE0A29572}.Debug|Any CPU.ActiveCfg = Debug|Any CPU
		{8C3C2221-7719-4A65-A540-73CEE0A29572}.Debug|Any CPU.Build.0 = Debug|Any CPU
		{8C3C2221-7719-4A65-A540-73CEE0A29572}.Release|Any CPU.ActiveCfg = Release|Any CPU
		{8C3C2221-7719-4A65-A540-73CEE0A29572}.Release|Any CPU.Build.0 = Release|Any CPU
		{F36AA5AB-2FE4-4E2D-9FB9-493368E4CA73}.Debug|Any CPU.ActiveCfg = Debug|Any CPU
		{F36AA5AB-2FE4-4E2D-9FB9-493368E4CA73}.Debug|Any CPU.Build.0 = Debug|Any CPU
		{F36AA5AB-2FE4-4E2D-9FB9-493368E4CA73}.Release|Any CPU.ActiveCfg = Release|Any CPU
		{F36AA5AB-2FE4-4E2D-9FB9-493368E4CA73}.Release|Any CPU.Build.0 = Release|Any CPU
		{76A15CCC-876C-4406-BD6C-272DE66BDE6F}.Debug|Any CPU.ActiveCfg = Debug|Any CPU
		{76A15CCC-876C-4406-BD6C-272DE66BDE6F}.Debug|Any CPU.Build.0 = Debug|Any CPU
		{76A15CCC-876C-4406-BD6C-272DE66BDE6F}.Release|Any CPU.ActiveCfg = Release|Any CPU
		{76A15CCC-876C-4406-BD6C-272DE66BDE6F}.Release|Any CPU.Build.0 = Release|Any CPU
		{49A4D1E3-B98A-47DD-83AB-B3376BA49DC7}.Debug|Any CPU.ActiveCfg = Debug|Any CPU
		{49A4D1E3-B98A-47DD-83AB-B3376BA49DC7}.Debug|Any CPU.Build.0 = Debug|Any CPU
		{49A4D1E3-B98A-47DD-83AB-B3376BA49DC7}.Release|Any CPU.ActiveCfg = Release|Any CPU
		{49A4D1E3-B98A-47DD-83AB-B3376BA49DC7}.Release|Any CPU.Build.0 = Release|Any CPU
		{A956D94E-A353-444A-B71E-B5952044FAA1}.Debug|Any CPU.ActiveCfg = Debug|Any CPU
		{A956D94E-A353-444A-B71E-B5952044FAA1}.Debug|Any CPU.Build.0 = Debug|Any CPU
		{A956D94E-A353-444A-B71E-B5952044FAA1}.Release|Any CPU.ActiveCfg = Release|Any CPU
		{A956D94E-A353-444A-B71E-B5952044FAA1}.Release|Any CPU.Build.0 = Release|Any CPU
		{32C6D81F-78B8-4215-87EA-5F8FD5AB3592}.Debug|Any CPU.ActiveCfg = Debug|Any CPU
		{32C6D81F-78B8-4215-87EA-5F8FD5AB3592}.Debug|Any CPU.Build.0 = Debug|Any CPU
		{32C6D81F-78B8-4215-87EA-5F8FD5AB3592}.Release|Any CPU.ActiveCfg = Release|Any CPU
		{32C6D81F-78B8-4215-87EA-5F8FD5AB3592}.Release|Any CPU.Build.0 = Release|Any CPU
		{BBBED234-B2AD-4703-8F7D-F70DD918F74E}.Debug|Any CPU.ActiveCfg = Debug|Any CPU
		{BBBED234-B2AD-4703-8F7D-F70DD918F74E}.Debug|Any CPU.Build.0 = Debug|Any CPU
		{BBBED234-B2AD-4703-8F7D-F70DD918F74E}.Release|Any CPU.ActiveCfg = Release|Any CPU
		{BBBED234-B2AD-4703-8F7D-F70DD918F74E}.Release|Any CPU.Build.0 = Release|Any CPU
		{79D8ECA0-DC1E-4E46-AE21-CE2BD3893D31}.Debug|Any CPU.ActiveCfg = Debug|Any CPU
		{79D8ECA0-DC1E-4E46-AE21-CE2BD3893D31}.Debug|Any CPU.Build.0 = Debug|Any CPU
		{79D8ECA0-DC1E-4E46-AE21-CE2BD3893D31}.Release|Any CPU.ActiveCfg = Release|Any CPU
		{79D8ECA0-DC1E-4E46-AE21-CE2BD3893D31}.Release|Any CPU.Build.0 = Release|Any CPU
		{C04509AD-1136-4CA5-ADDA-C8CB1E122F8E}.Debug|Any CPU.ActiveCfg = Debug|Any CPU
		{C04509AD-1136-4CA5-ADDA-C8CB1E122F8E}.Debug|Any CPU.Build.0 = Debug|Any CPU
		{C04509AD-1136-4CA5-ADDA-C8CB1E122F8E}.Release|Any CPU.ActiveCfg = Release|Any CPU
		{C04509AD-1136-4CA5-ADDA-C8CB1E122F8E}.Release|Any CPU.Build.0 = Release|Any CPU
		{D46A520E-64BE-4F0C-A9B8-466DFB57C855}.Debug|Any CPU.ActiveCfg = Debug|Any CPU
		{D46A520E-64BE-4F0C-A9B8-466DFB57C855}.Debug|Any CPU.Build.0 = Debug|Any CPU
		{D46A520E-64BE-4F0C-A9B8-466DFB57C855}.Release|Any CPU.ActiveCfg = Release|Any CPU
		{D46A520E-64BE-4F0C-A9B8-466DFB57C855}.Release|Any CPU.Build.0 = Release|Any CPU
	EndGlobalSection
	GlobalSection(SolutionProperties) = preSolution
		HideSolutionNode = FALSE
	EndGlobalSection
	GlobalSection(NestedProjects) = preSolution
		{CF6D1DA8-6D92-461D-97EA-AA5A4272412E} = {383364AA-3D10-4E27-9FE4-3DBD5F7ACEC9}
		{E9240DE8-50B2-44F5-8B04-0A435351EB37} = {E68A4AE7-7D9C-4A24-9973-DFF2939C8861}
		{8B25B67A-743F-4F82-BCFD-7D70A70D4A2B} = {F0867344-5FF1-45A0-B1B6-B03E475EFAE0}
		{71CE7BE9-333E-4A74-8213-F21C5B2219D4} = {383364AA-3D10-4E27-9FE4-3DBD5F7ACEC9}
		{76F49064-7FE0-46BE-8252-1F464B90860F} = {383364AA-3D10-4E27-9FE4-3DBD5F7ACEC9}
		{BC0250C7-7E54-4EB3-93CA-CBDFEDEE75F8} = {383364AA-3D10-4E27-9FE4-3DBD5F7ACEC9}
		{B2ABC524-C0AD-4CB4-B980-90E225C22CA2} = {383364AA-3D10-4E27-9FE4-3DBD5F7ACEC9}
		{0D7F2A53-3D9A-4D10-AFF6-C29B5642B28E} = {383364AA-3D10-4E27-9FE4-3DBD5F7ACEC9}
		{23C56DE7-D250-4D1A-8425-EEC901B5379A} = {383364AA-3D10-4E27-9FE4-3DBD5F7ACEC9}
		{0166937C-D5D7-4074-963D-AFB890C30B5A} = {F0867344-5FF1-45A0-B1B6-B03E475EFAE0}
		{FAE9B2F2-AE24-4CC7-A604-5F6F92A0B5FC} = {383364AA-3D10-4E27-9FE4-3DBD5F7ACEC9}
		{CB340AEC-539D-43EB-8FEB-18F660A013D7} = {383364AA-3D10-4E27-9FE4-3DBD5F7ACEC9}
		{ACD6E916-8D24-4D56-91A6-F5065CB8CE13} = {4D6E5DF2-15E4-44A8-AC0A-8628975BEC9A}
		{7E39F691-2FF9-4D40-8FA5-1CC358DD9B20} = {4D6E5DF2-15E4-44A8-AC0A-8628975BEC9A}
		{222D865B-6E6C-45BD-81D2-F2CFD672B728} = {4D6E5DF2-15E4-44A8-AC0A-8628975BEC9A}
		{08BEA874-0644-498F-B453-3F6365F365D6} = {4D6E5DF2-15E4-44A8-AC0A-8628975BEC9A}
		{99FE682B-90E8-4E72-B858-926A87B67EC1} = {4D6E5DF2-15E4-44A8-AC0A-8628975BEC9A}
		{57893A45-C699-418E-9A2E-9B593B017581} = {FC34AB6F-0267-4DCE-A319-EE918DEB1B7E}
		{711F8754-74C2-4F4A-9337-BF3BB1168820} = {FC34AB6F-0267-4DCE-A319-EE918DEB1B7E}
		{2CAD223C-3773-41CF-9325-308F0F1155FA} = {FC34AB6F-0267-4DCE-A319-EE918DEB1B7E}
		{91D31EB8-1AAC-48B0-B1DE-20F0CE70BB83} = {FC34AB6F-0267-4DCE-A319-EE918DEB1B7E}
		{6C0E2709-E7AF-45C6-AD9B-964D41E608D1} = {FC34AB6F-0267-4DCE-A319-EE918DEB1B7E}
		{04EB2C1B-9D68-4395-8A24-FF6FC930CD55} = {4ED3B82C-CBF1-4FBD-ADF5-2E2E87D06FE3}
		{571382A5-C0AC-4BE7-9555-DB1D0F2C793F} = {4ED3B82C-CBF1-4FBD-ADF5-2E2E87D06FE3}
		{FE9C34CE-43B1-4470-828C-0A7DB76A9DF5} = {E0A3B4EF-0EAB-48DA-A6BA-AFD2353733B5}
		{AB0A74FE-5006-4DB8-8EF8-189D080CFEFB} = {4ED3B82C-CBF1-4FBD-ADF5-2E2E87D06FE3}
		{FF353AEF-FF76-4481-AC23-DD14E3BD95CA} = {4ED3B82C-CBF1-4FBD-ADF5-2E2E87D06FE3}
		{34B6AA92-2081-455F-92ED-1AD260E62D99} = {4ED3B82C-CBF1-4FBD-ADF5-2E2E87D06FE3}
		{8A59B145-14B1-478C-A715-FFFFF861E614} = {4ED3B82C-CBF1-4FBD-ADF5-2E2E87D06FE3}
		{0404785A-6F22-4F21-A01D-F8312DD009E8} = {4ED3B82C-CBF1-4FBD-ADF5-2E2E87D06FE3}
		{A1BB0597-55FB-4866-839D-62C69DCA5202} = {24D1BC2B-2624-4381-8E73-399909136172}
		{873A0921-7C2A-4474-B03C-5B9797C2E028} = {24D1BC2B-2624-4381-8E73-399909136172}
		{39E9B883-A847-4E5F-8F8B-6BCAACCB83D2} = {24D1BC2B-2624-4381-8E73-399909136172}
		{03D4619F-264D-4E13-9C5F-C5FE667FFEA3} = {24D1BC2B-2624-4381-8E73-399909136172}
		{76DBF491-7CE3-4822-A287-00148DC5CD90} = {24D1BC2B-2624-4381-8E73-399909136172}
		{EB0EA625-E4F8-409F-8351-D9E2BBB5F742} = {FC420976-1D43-47FB-AA70-565DCE9A0511}
		{5E3F47FD-58C0-48D1-A7A6-8D9B58DD00BF} = {FC420976-1D43-47FB-AA70-565DCE9A0511}
		{5021EC45-A2AF-4E61-8B28-044E9BD42DD7} = {FC420976-1D43-47FB-AA70-565DCE9A0511}
		{431FF256-7821-4151-985A-DC4EC28D43A7} = {FC420976-1D43-47FB-AA70-565DCE9A0511}
		{7F6F06DF-3138-4ED1-A4B5-BC03B760991D} = {FC420976-1D43-47FB-AA70-565DCE9A0511}
		{F3C255C6-6763-4610-9A9F-F0752CF8DA0B} = {FC420976-1D43-47FB-AA70-565DCE9A0511}
		{FE1B31E1-4511-48AE-9D48-F62B22E6494D} = {FC420976-1D43-47FB-AA70-565DCE9A0511}
		{5E38D137-616B-432A-BA81-F483F194425D} = {FC420976-1D43-47FB-AA70-565DCE9A0511}
		{EEA4AF18-A1A0-439F-8EEC-AC07585F8611} = {FC420976-1D43-47FB-AA70-565DCE9A0511}
		{B0FDC3E9-7F84-4051-A1A0-647D307B1057} = {FC420976-1D43-47FB-AA70-565DCE9A0511}
		{CE8BB6F0-A223-4D48-A4AF-6516562AD6BD} = {C58D4D57-DFE6-4360-BB9B-103F261959C2}
		{6F61C37F-5CB2-46AC-BEC0-B8545D8C627F} = {C58D4D57-DFE6-4360-BB9B-103F261959C2}
		{5C2A4BD0-13CB-4884-AF6E-B5A4E7AC60FC} = {C58D4D57-DFE6-4360-BB9B-103F261959C2}
		{4B79C4AF-1BAF-491F-90B6-BC87EF711B49} = {30BB0427-8FC8-4BF3-8833-AF147088A596}
		{CF5F0C8D-2553-497E-B2E4-4F7FA78160E0} = {30BB0427-8FC8-4BF3-8833-AF147088A596}
		{48629980-0C07-43A4-89C4-450F3654C6F6} = {30BB0427-8FC8-4BF3-8833-AF147088A596}
		{7EA66DA7-E8F1-4B9F-986B-4A9484C5E3B1} = {30BB0427-8FC8-4BF3-8833-AF147088A596}
		{973B11CE-1AAF-4697-AC59-957A6BEADE68} = {30BB0427-8FC8-4BF3-8833-AF147088A596}
		{50D69345-C5FE-4917-A40D-4FB3A2CEA819} = {30BB0427-8FC8-4BF3-8833-AF147088A596}
		{8222FD8A-F3A1-4083-9C0D-517F5750541D} = {30BB0427-8FC8-4BF3-8833-AF147088A596}
		{8C3C2221-7719-4A65-A540-73CEE0A29572} = {30BB0427-8FC8-4BF3-8833-AF147088A596}
		{F36AA5AB-2FE4-4E2D-9FB9-493368E4CA73} = {30BB0427-8FC8-4BF3-8833-AF147088A596}
		{76A15CCC-876C-4406-BD6C-272DE66BDE6F} = {30BB0427-8FC8-4BF3-8833-AF147088A596}
		{49A4D1E3-B98A-47DD-83AB-B3376BA49DC7} = {30BB0427-8FC8-4BF3-8833-AF147088A596}
		{A956D94E-A353-444A-B71E-B5952044FAA1} = {30BB0427-8FC8-4BF3-8833-AF147088A596}
		{32C6D81F-78B8-4215-87EA-5F8FD5AB3592} = {30BB0427-8FC8-4BF3-8833-AF147088A596}
		{BBBED234-B2AD-4703-8F7D-F70DD918F74E} = {30BB0427-8FC8-4BF3-8833-AF147088A596}
		{79D8ECA0-DC1E-4E46-AE21-CE2BD3893D31} = {30BB0427-8FC8-4BF3-8833-AF147088A596}
		{C04509AD-1136-4CA5-ADDA-C8CB1E122F8E} = {4ED3B82C-CBF1-4FBD-ADF5-2E2E87D06FE3}
		{F0867344-5FF1-45A0-B1B6-B03E475EFAE0} = {383364AA-3D10-4E27-9FE4-3DBD5F7ACEC9}
		{E0A3B4EF-0EAB-48DA-A6BA-AFD2353733B5} = {4ED3B82C-CBF1-4FBD-ADF5-2E2E87D06FE3}
	EndGlobalSection
	GlobalSection(ExtensibilityGlobals) = postSolution
		SolutionGuid = {DC6013E7-2A8B-49BF-B7E1-799AD1E96BE7}
	EndGlobalSection
EndGlobal
